
Microsoft Visual Studio Solution File, Format Version 12.00
# Visual Studio Version 16
VisualStudioVersion = 16.0.29926.136
MinimumVisualStudioVersion = 10.0.40219.1
Project("{9A19103F-16F7-4668-BE54-9A1E7A4F7556}") = "Paging_net_core_3_1", "Paging_net_core_3_1\Paging_net_core_3_1.csproj", "{6726BEEB-14AB-45B2-AA53-19CD75200ABD}"
EndProject
Project("{9A19103F-16F7-4668-BE54-9A1E7A4F7556}") = "DataAccessLib", "DataAccessLib\DataAccessLib.csproj", "{0F5CA3A9-BEAE-472F-80B2-B1545825E9F5}"
EndProject
Global
	GlobalSection(SolutionConfigurationPlatforms) = preSolution
		Debug|Any CPU = Debug|Any CPU
		Release|Any CPU = Release|Any CPU
	EndGlobalSection
	GlobalSection(ProjectConfigurationPlatforms) = postSolution
		{6726BEEB-14AB-45B2-AA53-19CD75200ABD}.Debug|Any CPU.ActiveCfg = Debug|Any CPU
		{6726BEEB-14AB-45B2-AA53-19CD75200ABD}.Debug|Any CPU.Build.0 = Debug|Any CPU
		{6726BEEB-14AB-45B2-AA53-19CD75200ABD}.Release|Any CPU.ActiveCfg = Release|Any CPU
		{6726BEEB-14AB-45B2-AA53-19CD75200ABD}.Release|Any CPU.Build.0 = Release|Any CPU
		{0F5CA3A9-BEAE-472F-80B2-B1545825E9F5}.Debug|Any CPU.ActiveCfg = Debug|Any CPU
		{0F5CA3A9-BEAE-472F-80B2-B1545825E9F5}.Debug|Any CPU.Build.0 = Debug|Any CPU
		{0F5CA3A9-BEAE-472F-80B2-B1545825E9F5}.Release|Any CPU.ActiveCfg = Release|Any CPU
		{0F5CA3A9-BEAE-472F-80B2-B1545825E9F5}.Release|Any CPU.Build.0 = Release|Any CPU
	EndGlobalSection
	GlobalSection(SolutionProperties) = preSolution
		HideSolutionNode = FALSE
	EndGlobalSection
	GlobalSection(ExtensibilityGlobals) = postSolution
		SolutionGuid = {33EA0899-98C5-4279-9239-F9A55428DEF9}
	EndGlobalSection
EndGlobal
